
Microsoft Visual Studio Solution File, Format Version 12.00
# Visual Studio Version 17
VisualStudioVersion = 17.9.34728.123
MinimumVisualStudioVersion = 10.0.40219.1
Project("{FAE04EC0-301F-11D3-BF4B-00C04F79EFBC}") = "QuizHub", "QuizHub.csproj", "{1F81D3DC-D488-47F7-82B1-EE32913D84C6}"
EndProject
Global
	GlobalSection(SolutionConfigurationPlatforms) = preSolution
		Debug|Any CPU = Debug|Any CPU
		Release|Any CPU = Release|Any CPU
	EndGlobalSection
	GlobalSection(ProjectConfigurationPlatforms) = postSolution
		{1F81D3DC-D488-47F7-82B1-EE32913D84C6}.Debug|Any CPU.ActiveCfg = Debug|Any CPU
		{1F81D3DC-D488-47F7-82B1-EE32913D84C6}.Debug|Any CPU.Build.0 = Debug|Any CPU
		{1F81D3DC-D488-47F7-82B1-EE32913D84C6}.Release|Any CPU.ActiveCfg = Release|Any CPU
		{1F81D3DC-D488-47F7-82B1-EE32913D84C6}.Release|Any CPU.Build.0 = Release|Any CPU
	EndGlobalSection
	GlobalSection(SolutionProperties) = preSolution
		HideSolutionNode = FALSE
	EndGlobalSection
	GlobalSection(ExtensibilityGlobals) = postSolution
		SolutionGuid = {8699DBC9-7750-44C7-A359-D3606DB5EB73}
	EndGlobalSection
EndGlobal
